// !$*UTF8*$!
{
	archiveVersion = 1;
	classes = {
	};
	objectVersion = 50;
	objects = {

/* Begin PBXBuildFile section */
		BE37B8D921CEC63600370338 /* AppDelegate.swift in Sources */ = {isa = PBXBuildFile; fileRef = BE37B8D821CEC63600370338 /* AppDelegate.swift */; };
		BE37B8DB21CEC63600370338 /* ViewController.swift in Sources */ = {isa = PBXBuildFile; fileRef = BE37B8DA21CEC63600370338 /* ViewController.swift */; };
		BE37B8DE21CEC63600370338 /* Main.storyboard in Resources */ = {isa = PBXBuildFile; fileRef = BE37B8DC21CEC63600370338 /* Main.storyboard */; };
		BE37B8E021CEC63800370338 /* Assets.xcassets in Resources */ = {isa = PBXBuildFile; fileRef = BE37B8DF21CEC63800370338 /* Assets.xcassets */; };
		BE37B8E321CEC63800370338 /* LaunchScreen.storyboard in Resources */ = {isa = PBXBuildFile; fileRef = BE37B8E121CEC63800370338 /* LaunchScreen.storyboard */; };
		ED0E36392237155C00F19E5C /* Pinpad.swift in Sources */ = {isa = PBXBuildFile; fileRef = ED0E36382237155C00F19E5C /* Pinpad.swift */; };
		ED0E363C223715A300F19E5C /* Extensions.swift in Sources */ = {isa = PBXBuildFile; fileRef = ED0E363B223715A300F19E5C /* Extensions.swift */; };
		EDAF8D792211E13A00F981AD /* BCBuildMessages.swift in Sources */ = {isa = PBXBuildFile; fileRef = EDAF8D782211E13A00F981AD /* BCBuildMessages.swift */; };
		EDAF8D7B2211E17C00F981AD /* CalculoCRC.swift in Sources */ = {isa = PBXBuildFile; fileRef = EDAF8D7A2211E17C00F981AD /* CalculoCRC.swift */; };
		EDAF8D7D221332F000F981AD /* CollectionFuncs.swift in Sources */ = {isa = PBXBuildFile; fileRef = EDAF8D7C221332F000F981AD /* CollectionFuncs.swift */; };
		EDAF8D7F2214B9C300F981AD /* DataManagerDefault.swift in Sources */ = {isa = PBXBuildFile; fileRef = EDAF8D7E2214B9C300F981AD /* DataManagerDefault.swift */; };
		EDE3205B2231852F009E2CA4 /* GetInfo.swift in Sources */ = {isa = PBXBuildFile; fileRef = EDE3205A2231852F009E2CA4 /* GetInfo.swift */; };
/* End PBXBuildFile section */

/* Begin PBXFileReference section */
		BE37B8D521CEC63600370338 /* BluetoothPW.app */ = {isa = PBXFileReference; explicitFileType = wrapper.application; includeInIndex = 0; path = BluetoothPW.app; sourceTree = BUILT_PRODUCTS_DIR; };
		BE37B8D821CEC63600370338 /* AppDelegate.swift */ = {isa = PBXFileReference; lastKnownFileType = sourcecode.swift; path = AppDelegate.swift; sourceTree = "<group>"; };
		BE37B8DA21CEC63600370338 /* ViewController.swift */ = {isa = PBXFileReference; lastKnownFileType = sourcecode.swift; path = ViewController.swift; sourceTree = "<group>"; };
		BE37B8DD21CEC63600370338 /* Base */ = {isa = PBXFileReference; lastKnownFileType = file.storyboard; name = Base; path = Base.lproj/Main.storyboard; sourceTree = "<group>"; };
		BE37B8DF21CEC63800370338 /* Assets.xcassets */ = {isa = PBXFileReference; lastKnownFileType = folder.assetcatalog; path = Assets.xcassets; sourceTree = "<group>"; };
		BE37B8E221CEC63800370338 /* Base */ = {isa = PBXFileReference; lastKnownFileType = file.storyboard; name = Base; path = Base.lproj/LaunchScreen.storyboard; sourceTree = "<group>"; };
		BE37B8E421CEC63800370338 /* Info.plist */ = {isa = PBXFileReference; lastKnownFileType = text.plist.xml; path = Info.plist; sourceTree = "<group>"; };
		ED0E36382237155C00F19E5C /* Pinpad.swift */ = {isa = PBXFileReference; lastKnownFileType = sourcecode.swift; path = Pinpad.swift; sourceTree = "<group>"; };
		ED0E363B223715A300F19E5C /* Extensions.swift */ = {isa = PBXFileReference; lastKnownFileType = sourcecode.swift; path = Extensions.swift; sourceTree = "<group>"; };
		EDAF8D782211E13A00F981AD /* BCBuildMessages.swift */ = {isa = PBXFileReference; lastKnownFileType = sourcecode.swift; path = BCBuildMessages.swift; sourceTree = "<group>"; };
		EDAF8D7A2211E17C00F981AD /* CalculoCRC.swift */ = {isa = PBXFileReference; lastKnownFileType = sourcecode.swift; path = CalculoCRC.swift; sourceTree = "<group>"; };
		EDAF8D7C221332F000F981AD /* CollectionFuncs.swift */ = {isa = PBXFileReference; lastKnownFileType = sourcecode.swift; path = CollectionFuncs.swift; sourceTree = "<group>"; };
		EDAF8D7E2214B9C300F981AD /* DataManagerDefault.swift */ = {isa = PBXFileReference; lastKnownFileType = sourcecode.swift; path = DataManagerDefault.swift; sourceTree = "<group>"; };
		EDE3205A2231852F009E2CA4 /* GetInfo.swift */ = {isa = PBXFileReference; lastKnownFileType = sourcecode.swift; path = GetInfo.swift; sourceTree = "<group>"; };
/* End PBXFileReference section */

/* Begin PBXFrameworksBuildPhase section */
		BE37B8D221CEC63600370338 /* Frameworks */ = {
			isa = PBXFrameworksBuildPhase;
			buildActionMask = 2147483647;
			files = (
			);
			runOnlyForDeploymentPostprocessing = 0;
		};
/* End PBXFrameworksBuildPhase section */

/* Begin PBXGroup section */
		BE37B8CC21CEC63600370338 = {
			isa = PBXGroup;
			children = (
				BE37B8D721CEC63600370338 /* BluetoothPW */,
				BE37B8D621CEC63600370338 /* Products */,
			);
			sourceTree = "<group>";
		};
		BE37B8D621CEC63600370338 /* Products */ = {
			isa = PBXGroup;
			children = (
				BE37B8D521CEC63600370338 /* BluetoothPW.app */,
			);
			name = Products;
			sourceTree = "<group>";
		};
		BE37B8D721CEC63600370338 /* BluetoothPW */ = {
			isa = PBXGroup;
			children = (
				ED0E363A2237158D00F19E5C /* utils */,
				EDE32059223184B4009E2CA4 /* model */,
				BE37B8D821CEC63600370338 /* AppDelegate.swift */,
				BE37B8DA21CEC63600370338 /* ViewController.swift */,
				BE37B8DC21CEC63600370338 /* Main.storyboard */,
				BE37B8DF21CEC63800370338 /* Assets.xcassets */,
				BE37B8E121CEC63800370338 /* LaunchScreen.storyboard */,
				BE37B8E421CEC63800370338 /* Info.plist */,
				EDAF8D782211E13A00F981AD /* BCBuildMessages.swift */,
				EDAF8D7A2211E17C00F981AD /* CalculoCRC.swift */,
				EDAF8D7C221332F000F981AD /* CollectionFuncs.swift */,
				EDAF8D7E2214B9C300F981AD /* DataManagerDefault.swift */,
			);
			path = BluetoothPW;
			sourceTree = "<group>";
		};
		ED0E363A2237158D00F19E5C /* utils */ = {
			isa = PBXGroup;
			children = (
				ED0E363B223715A300F19E5C /* Extensions.swift */,
			);
			path = utils;
			sourceTree = "<group>";
		};
		EDE32059223184B4009E2CA4 /* model */ = {
			isa = PBXGroup;
			children = (
				EDE3205A2231852F009E2CA4 /* GetInfo.swift */,
				ED0E36382237155C00F19E5C /* Pinpad.swift */,
			);
			path = model;
			sourceTree = "<group>";
		};
/* End PBXGroup section */

/* Begin PBXNativeTarget section */
		BE37B8D421CEC63600370338 /* BluetoothPW */ = {
			isa = PBXNativeTarget;
			buildConfigurationList = BE37B8E721CEC63800370338 /* Build configuration list for PBXNativeTarget "BluetoothPW" */;
			buildPhases = (
				BE37B8D121CEC63600370338 /* Sources */,
				BE37B8D221CEC63600370338 /* Frameworks */,
				BE37B8D321CEC63600370338 /* Resources */,
			);
			buildRules = (
			);
			dependencies = (
			);
			name = BluetoothPW;
			productName = BluetoothPW;
			productReference = BE37B8D521CEC63600370338 /* BluetoothPW.app */;
			productType = "com.apple.product-type.application";
		};
/* End PBXNativeTarget section */

/* Begin PBXProject section */
		BE37B8CD21CEC63600370338 /* Project object */ = {
			isa = PBXProject;
			attributes = {
				LastSwiftUpdateCheck = 1010;
				LastUpgradeCheck = 1010;
				ORGANIZATIONNAME = LFSantos;
				TargetAttributes = {
					BE37B8D421CEC63600370338 = {
						CreatedOnToolsVersion = 10.1;
					};
				};
			};
			buildConfigurationList = BE37B8D021CEC63600370338 /* Build configuration list for PBXProject "BluetoothPW" */;
			compatibilityVersion = "Xcode 9.3";
			developmentRegion = en;
			hasScannedForEncodings = 0;
			knownRegions = (
				en,
				Base,
			);
			mainGroup = BE37B8CC21CEC63600370338;
			productRefGroup = BE37B8D621CEC63600370338 /* Products */;
			projectDirPath = "";
			projectRoot = "";
			targets = (
				BE37B8D421CEC63600370338 /* BluetoothPW */,
			);
		};
/* End PBXProject section */

/* Begin PBXResourcesBuildPhase section */
		BE37B8D321CEC63600370338 /* Resources */ = {
			isa = PBXResourcesBuildPhase;
			buildActionMask = 2147483647;
			files = (
				BE37B8E321CEC63800370338 /* LaunchScreen.storyboard in Resources */,
				BE37B8E021CEC63800370338 /* Assets.xcassets in Resources */,
				BE37B8DE21CEC63600370338 /* Main.storyboard in Resources */,
			);
			runOnlyForDeploymentPostprocessing = 0;
		};
/* End PBXResourcesBuildPhase section */

/* Begin PBXSourcesBuildPhase section */
		BE37B8D121CEC63600370338 /* Sources */ = {
			isa = PBXSourcesBuildPhase;
			buildActionMask = 2147483647;
			files = (
				BE37B8DB21CEC63600370338 /* ViewController.swift in Sources */,
				ED0E363C223715A300F19E5C /* Extensions.swift in Sources */,
				EDAF8D7F2214B9C300F981AD /* DataManagerDefault.swift in Sources */,
				EDAF8D792211E13A00F981AD /* BCBuildMessages.swift in Sources */,
				ED0E36392237155C00F19E5C /* Pinpad.swift in Sources */,
				EDE3205B2231852F009E2CA4 /* GetInfo.swift in Sources */,
				EDAF8D7D221332F000F981AD /* CollectionFuncs.swift in Sources */,
				EDAF8D7B2211E17C00F981AD /* CalculoCRC.swift in Sources */,
				BE37B8D921CEC63600370338 /* AppDelegate.swift in Sources */,
			);
			runOnlyForDeploymentPostprocessing = 0;
		};
/* End PBXSourcesBuildPhase section */

/* Begin PBXVariantGroup section */
		BE37B8DC21CEC63600370338 /* Main.storyboard */ = {
			isa = PBXVariantGroup;
			children = (
				BE37B8DD21CEC63600370338 /* Base */,
			);
			name = Main.storyboard;
			sourceTree = "<group>";
		};
		BE37B8E121CEC63800370338 /* LaunchScreen.storyboard */ = {
			isa = PBXVariantGroup;
			children = (
				BE37B8E221CEC63800370338 /* Base */,
			);
			name = LaunchScreen.storyboard;
			sourceTree = "<group>";
		};
/* End PBXVariantGroup section */

/* Begin XCBuildConfiguration section */
		BE37B8E521CEC63800370338 /* Debug */ = {
			isa = XCBuildConfiguration;
			buildSettings = {
				ALWAYS_SEARCH_USER_PATHS = NO;
				CLANG_ANALYZER_NONNULL = YES;
				CLANG_ANALYZER_NUMBER_OBJECT_CONVERSION = YES_AGGRESSIVE;
				CLANG_CXX_LANGUAGE_STANDARD = "gnu++14";
				CLANG_CXX_LIBRARY = "libc++";
				CLANG_ENABLE_MODULES = YES;
				CLANG_ENABLE_OBJC_ARC = YES;
				CLANG_ENABLE_OBJC_WEAK = YES;
				CLANG_WARN_BLOCK_CAPTURE_AUTORELEASING = YES;
				CLANG_WARN_BOOL_CONVERSION = YES;
				CLANG_WARN_COMMA = YES;
				CLANG_WARN_CONSTANT_CONVERSION = YES;
				CLANG_WARN_DEPRECATED_OBJC_IMPLEMENTATIONS = YES;
				CLANG_WARN_DIRECT_OBJC_ISA_USAGE = YES_ERROR;
				CLANG_WARN_DOCUMENTATION_COMMENTS = YES;
				CLANG_WARN_EMPTY_BODY = YES;
				CLANG_WARN_ENUM_CONVERSION = YES;
				CLANG_WARN_INFINITE_RECURSION = YES;
				CLANG_WARN_INT_CONVERSION = YES;
				CLANG_WARN_NON_LITERAL_NULL_CONVERSION = YES;
				CLANG_WARN_OBJC_IMPLICIT_RETAIN_SELF = YES;
				CLANG_WARN_OBJC_LITERAL_CONVERSION = YES;
				CLANG_WARN_OBJC_ROOT_CLASS = YES_ERROR;
				CLANG_WARN_RANGE_LOOP_ANALYSIS = YES;
				CLANG_WARN_STRICT_PROTOTYPES = YES;
				CLANG_WARN_SUSPICIOUS_MOVE = YES;
				CLANG_WARN_UNGUARDED_AVAILABILITY = YES_AGGRESSIVE;
				CLANG_WARN_UNREACHABLE_CODE = YES;
				CLANG_WARN__DUPLICATE_METHOD_MATCH = YES;
				CODE_SIGN_IDENTITY = "iPhone Developer";
				COPY_PHASE_STRIP = NO;
				DEBUG_INFORMATION_FORMAT = dwarf;
				ENABLE_STRICT_OBJC_MSGSEND = YES;
				ENABLE_TESTABILITY = YES;
				GCC_C_LANGUAGE_STANDARD = gnu11;
				GCC_DYNAMIC_NO_PIC = NO;
				GCC_NO_COMMON_BLOCKS = YES;
				GCC_OPTIMIZATION_LEVEL = 0;
				GCC_PREPROCESSOR_DEFINITIONS = (
					"DEBUG=1",
					"$(inherited)",
				);
				GCC_WARN_64_TO_32_BIT_CONVERSION = YES;
				GCC_WARN_ABOUT_RETURN_TYPE = YES_ERROR;
				GCC_WARN_UNDECLARED_SELECTOR = YES;
				GCC_WARN_UNINITIALIZED_AUTOS = YES_AGGRESSIVE;
				GCC_WARN_UNUSED_FUNCTION = YES;
				GCC_WARN_UNUSED_VARIABLE = YES;
				IPHONEOS_DEPLOYMENT_TARGET = 12.1;
				MTL_ENABLE_DEBUG_INFO = INCLUDE_SOURCE;
				MTL_FAST_MATH = YES;
				ONLY_ACTIVE_ARCH = YES;
				SDKROOT = iphoneos;
				SWIFT_ACTIVE_COMPILATION_CONDITIONS = DEBUG;
				SWIFT_OPTIMIZATION_LEVEL = "-Onone";
			};
			name = Debug;
		};
		BE37B8E621CEC63800370338 /* Release */ = {
			isa = XCBuildConfiguration;
			buildSettings = {
				ALWAYS_SEARCH_USER_PATHS = NO;
				CLANG_ANALYZER_NONNULL = YES;
				CLANG_ANALYZER_NUMBER_OBJECT_CONVERSION = YES_AGGRESSIVE;
				CLANG_CXX_LANGUAGE_STANDARD = "gnu++14";
				CLANG_CXX_LIBRARY = "libc++";
				CLANG_ENABLE_MODULES = YES;
				CLANG_ENABLE_OBJC_ARC = YES;
				CLANG_ENABLE_OBJC_WEAK = YES;
				CLANG_WARN_BLOCK_CAPTURE_AUTORELEASING = YES;
				CLANG_WARN_BOOL_CONVERSION = YES;
				CLANG_WARN_COMMA = YES;
				CLANG_WARN_CONSTANT_CONVERSION = YES;
				CLANG_WARN_DEPRECATED_OBJC_IMPLEMENTATIONS = YES;
				CLANG_WARN_DIRECT_OBJC_ISA_USAGE = YES_ERROR;
				CLANG_WARN_DOCUMENTATION_COMMENTS = YES;
				CLANG_WARN_EMPTY_BODY = YES;
				CLANG_WARN_ENUM_CONVERSION = YES;
				CLANG_WARN_INFINITE_RECURSION = YES;
				CLANG_WARN_INT_CONVERSION = YES;
				CLANG_WARN_NON_LITERAL_NULL_CONVERSION = YES;
				CLANG_WARN_OBJC_IMPLICIT_RETAIN_SELF = YES;
				CLANG_WARN_OBJC_LITERAL_CONVERSION = YES;
				CLANG_WARN_OBJC_ROOT_CLASS = YES_ERROR;
				CLANG_WARN_RANGE_LOOP_ANALYSIS = YES;
				CLANG_WARN_STRICT_PROTOTYPES = YES;
				CLANG_WARN_SUSPICIOUS_MOVE = YES;
				CLANG_WARN_UNGUARDED_AVAILABILITY = YES_AGGRESSIVE;
				CLANG_WARN_UNREACHABLE_CODE = YES;
				CLANG_WARN__DUPLICATE_METHOD_MATCH = YES;
				CODE_SIGN_IDENTITY = "iPhone Developer";
				COPY_PHASE_STRIP = NO;
				DEBUG_INFORMATION_FORMAT = "dwarf-with-dsym";
				ENABLE_NS_ASSERTIONS = NO;
				ENABLE_STRICT_OBJC_MSGSEND = YES;
				GCC_C_LANGUAGE_STANDARD = gnu11;
				GCC_NO_COMMON_BLOCKS = YES;
				GCC_WARN_64_TO_32_BIT_CONVERSION = YES;
				GCC_WARN_ABOUT_RETURN_TYPE = YES_ERROR;
				GCC_WARN_UNDECLARED_SELECTOR = YES;
				GCC_WARN_UNINITIALIZED_AUTOS = YES_AGGRESSIVE;
				GCC_WARN_UNUSED_FUNCTION = YES;
				GCC_WARN_UNUSED_VARIABLE = YES;
				IPHONEOS_DEPLOYMENT_TARGET = 12.1;
				MTL_ENABLE_DEBUG_INFO = NO;
				MTL_FAST_MATH = YES;
				SDKROOT = iphoneos;
				SWIFT_COMPILATION_MODE = wholemodule;
				SWIFT_OPTIMIZATION_LEVEL = "-O";
				VALIDATE_PRODUCT = YES;
			};
			name = Release;
		};
		BE37B8E821CEC63800370338 /* Debug */ = {
			isa = XCBuildConfiguration;
			buildSettings = {
				ASSETCATALOG_COMPILER_APPICON_NAME = AppIcon;
				CODE_SIGN_STYLE = Automatic;
				DEVELOPMENT_TEAM = JQ52M4QL3U;
				INFOPLIST_FILE = BluetoothPW/Info.plist;
				IPHONEOS_DEPLOYMENT_TARGET = 12.0;
				LD_RUNPATH_SEARCH_PATHS = (
					"$(inherited)",
					"@executable_path/Frameworks",
				);
				PRODUCT_BUNDLE_IDENTIFIER = com.lf.BluetoothPW;
				PRODUCT_NAME = "$(TARGET_NAME)";
				SWIFT_VERSION = 4.2;
				TARGETED_DEVICE_FAMILY = "1,2";
			};
			name = Debug;
		};
		BE37B8E921CEC63800370338 /* Release */ = {
			isa = XCBuildConfiguration;
			buildSettings = {
				ASSETCATALOG_COMPILER_APPICON_NAME = AppIcon;
				CODE_SIGN_STYLE = Automatic;
				DEVELOPMENT_TEAM = JQ52M4QL3U;
				INFOPLIST_FILE = BluetoothPW/Info.plist;
				IPHONEOS_DEPLOYMENT_TARGET = 12.0;
				LD_RUNPATH_SEARCH_PATHS = (
					"$(inherited)",
					"@executable_path/Frameworks",
				);
				PRODUCT_BUNDLE_IDENTIFIER = com.lf.BluetoothPW;
				PRODUCT_NAME = "$(TARGET_NAME)";
				SWIFT_VERSION = 4.2;
				TARGETED_DEVICE_FAMILY = "1,2";
			};
			name = Release;
		};
/* End XCBuildConfiguration section */

/* Begin XCConfigurationList section */
		BE37B8D021CEC63600370338 /* Build configuration list for PBXProject "BluetoothPW" */ = {
			isa = XCConfigurationList;
			buildConfigurations = (
				BE37B8E521CEC63800370338 /* Debug */,
				BE37B8E621CEC63800370338 /* Release */,
			);
			defaultConfigurationIsVisible = 0;
			defaultConfigurationName = Release;
		};
		BE37B8E721CEC63800370338 /* Build configuration list for PBXNativeTarget "BluetoothPW" */ = {
			isa = XCConfigurationList;
			buildConfigurations = (
				BE37B8E821CEC63800370338 /* Debug */,
				BE37B8E921CEC63800370338 /* Release */,
			);
			defaultConfigurationIsVisible = 0;
			defaultConfigurationName = Release;
		};
/* End XCConfigurationList section */
	};
	rootObject = BE37B8CD21CEC63600370338 /* Project object */;
}
